
Microsoft Visual Studio Solution File, Format Version 12.00
# Visual Studio 14
VisualStudioVersion = 14.0.25420.1
MinimumVisualStudioVersion = 10.0.40219.1
Project("{6141683F-8A12-4E36-9623-2EB02B2C2303}") = "Bar code Generator", "Bar code Generator\Bar code Generator.isproj", "{EAC2486C-078D-40AD-8831-E38BF63B0291}"
EndProject
Global
	GlobalSection(SolutionConfigurationPlatforms) = preSolution
		CD_ROM|Default = CD_ROM|Default
		DVD-5|Default = DVD-5|Default
		SingleImage|Default = SingleImage|Default
	EndGlobalSection
	GlobalSection(ProjectConfigurationPlatforms) = postSolution
		{EAC2486C-078D-40AD-8831-E38BF63B0291}.CD_ROM|Default.ActiveCfg = CD_ROM
		{EAC2486C-078D-40AD-8831-E38BF63B0291}.CD_ROM|Default.Build.0 = CD_ROM
		{EAC2486C-078D-40AD-8831-E38BF63B0291}.DVD-5|Default.ActiveCfg = DVD-5
		{EAC2486C-078D-40AD-8831-E38BF63B0291}.DVD-5|Default.Build.0 = DVD-5
		{EAC2486C-078D-40AD-8831-E38BF63B0291}.SingleImage|Default.ActiveCfg = SingleImage
		{EAC2486C-078D-40AD-8831-E38BF63B0291}.SingleImage|Default.Build.0 = SingleImage
	EndGlobalSection
	GlobalSection(SolutionProperties) = preSolution
		HideSolutionNode = FALSE
	EndGlobalSection
EndGlobal
